
Microsoft Visual Studio Solution File, Format Version 12.00
# Visual Studio 15
VisualStudioVersion = 15.0.26124.0
MinimumVisualStudioVersion = 15.0.26124.0
Project("{2150E333-8FDC-42A3-9474-1A3956D46DE8}") = "src", "src", "{06FC0E85-E73C-4DC1-B6FD-A583B7B1DFE4}"
EndProject
Project("{FAE04EC0-301F-11D3-BF4B-00C04F79EFBC}") = "BetterReadLine", "src\BetterReadLine\BetterReadLine.csproj", "{9EB290C9-BB52-4B24-9779-5A816AC75E18}"
EndProject
Project("{FAE04EC0-301F-11D3-BF4B-00C04F79EFBC}") = "BetterReadLine.Demo", "src\BetterReadLine.Demo\BetterReadLine.Demo.csproj", "{4C512FD1-A0E8-4908-B0A4-B0D85947716A}"
EndProject
Global
	GlobalSection(SolutionConfigurationPlatforms) = preSolution
		Debug|Any CPU = Debug|Any CPU
		Debug|x64 = Debug|x64
		Debug|x86 = Debug|x86
		Release|Any CPU = Release|Any CPU
		Release|x64 = Release|x64
		Release|x86 = Release|x86
	EndGlobalSection
	GlobalSection(SolutionProperties) = preSolution
		HideSolutionNode = FALSE
	EndGlobalSection
	GlobalSection(ProjectConfigurationPlatforms) = postSolution
		{9EB290C9-BB52-4B24-9779-5A816AC75E18}.Debug|Any CPU.ActiveCfg = Debug|Any CPU
		{9EB290C9-BB52-4B24-9779-5A816AC75E18}.Debug|Any CPU.Build.0 = Debug|Any CPU
		{9EB290C9-BB52-4B24-9779-5A816AC75E18}.Release|Any CPU.ActiveCfg = Release|Any CPU
		{9EB290C9-BB52-4B24-9779-5A816AC75E18}.Release|Any CPU.Build.0 = Release|Any CPU
		{4C512FD1-A0E8-4908-B0A4-B0D85947716A}.Debug|Any CPU.ActiveCfg = Debug|Any CPU
		{4C512FD1-A0E8-4908-B0A4-B0D85947716A}.Debug|Any CPU.Build.0 = Debug|Any CPU
		{4C512FD1-A0E8-4908-B0A4-B0D85947716A}.Release|Any CPU.ActiveCfg = Release|Any CPU
		{4C512FD1-A0E8-4908-B0A4-B0D85947716A}.Release|Any CPU.Build.0 = Release|Any CPU
	EndGlobalSection
	GlobalSection(NestedProjects) = preSolution
		{9EB290C9-BB52-4B24-9779-5A816AC75E18} = {06FC0E85-E73C-4DC1-B6FD-A583B7B1DFE4}
		{4C512FD1-A0E8-4908-B0A4-B0D85947716A} = {06FC0E85-E73C-4DC1-B6FD-A583B7B1DFE4}
	EndGlobalSection
EndGlobal
